
Microsoft Visual Studio Solution File, Format Version 12.00
# Visual Studio Version 17
VisualStudioVersion = 17.13.35931.197 d17.13
MinimumVisualStudioVersion = 10.0.40219.1
Project("{FAE04EC0-301F-11D3-BF4B-00C04F79EFBC}") = "ProductAPI", "ProductAPI\ProductAPI.csproj", "{526F6518-86CA-4315-99D3-0A4C2F9E4158}"
EndProject
Project("{FAE04EC0-301F-11D3-BF4B-00C04F79EFBC}") = "RabbitMQ.OrderPublisher", "RabbitMQ.OrderPublisher\RabbitMQ.OrderPublisher.csproj", "{21B2A033-619C-44B7-AF4D-C0E495BE8497}"
EndProject
Project("{FAE04EC0-301F-11D3-BF4B-00C04F79EFBC}") = "RabbitMQ.OrderConsumer", "RabbitMQ.OrderConsumer\RabbitMQ.OrderConsumer.csproj", "{D632FE2A-7B1B-4342-8A60-69D0B1EFDBC5}"
EndProject
Global
	GlobalSection(SolutionConfigurationPlatforms) = preSolution
		Debug|Any CPU = Debug|Any CPU
		Release|Any CPU = Release|Any CPU
	EndGlobalSection
	GlobalSection(ProjectConfigurationPlatforms) = postSolution
		{526F6518-86CA-4315-99D3-0A4C2F9E4158}.Debug|Any CPU.ActiveCfg = Debug|Any CPU
		{526F6518-86CA-4315-99D3-0A4C2F9E4158}.Debug|Any CPU.Build.0 = Debug|Any CPU
		{526F6518-86CA-4315-99D3-0A4C2F9E4158}.Release|Any CPU.ActiveCfg = Release|Any CPU
		{526F6518-86CA-4315-99D3-0A4C2F9E4158}.Release|Any CPU.Build.0 = Release|Any CPU
		{21B2A033-619C-44B7-AF4D-C0E495BE8497}.Debug|Any CPU.ActiveCfg = Debug|Any CPU
		{21B2A033-619C-44B7-AF4D-C0E495BE8497}.Debug|Any CPU.Build.0 = Debug|Any CPU
		{21B2A033-619C-44B7-AF4D-C0E495BE8497}.Release|Any CPU.ActiveCfg = Release|Any CPU
		{21B2A033-619C-44B7-AF4D-C0E495BE8497}.Release|Any CPU.Build.0 = Release|Any CPU
		{D632FE2A-7B1B-4342-8A60-69D0B1EFDBC5}.Debug|Any CPU.ActiveCfg = Debug|Any CPU
		{D632FE2A-7B1B-4342-8A60-69D0B1EFDBC5}.Debug|Any CPU.Build.0 = Debug|Any CPU
		{D632FE2A-7B1B-4342-8A60-69D0B1EFDBC5}.Release|Any CPU.ActiveCfg = Release|Any CPU
		{D632FE2A-7B1B-4342-8A60-69D0B1EFDBC5}.Release|Any CPU.Build.0 = Release|Any CPU
	EndGlobalSection
	GlobalSection(SolutionProperties) = preSolution
		HideSolutionNode = FALSE
	EndGlobalSection
	GlobalSection(ExtensibilityGlobals) = postSolution
		SolutionGuid = {CC497F2B-A039-4DEB-87FB-5193C413E9D2}
	EndGlobalSection
EndGlobal
